# @generated by Move, please check-in and do not edit manually.

[move]
version = 3
manifest_digest = "77A8CBD728F15AA963625BF1A099819B44FCF5F31315FA0104C223ECCA859484"
deps_digest = "F8BBB0CCB2491CA29A3DF03D6F92277A4F3574266507ACD77214D37ECA3F3082"
dependencies = [
  { id = "Sui", name = "Sui" },
]

[[move.package]]
id = "MoveStdlib"
source = { git = "https://github.com/MystenLabs/sui.git", rev = "main", subdir = "crates/sui-framework/packages/move-stdlib" }

[[move.package]]
id = "Sui"
source = { git = "https://github.com/MystenLabs/sui.git", rev = "main", subdir = "crates/sui-framework/packages/sui-framework" }

dependencies = [
  { id = "MoveStdlib", name = "MoveStdlib" },
]

[move.toolchain-version]
compiler-version = "1.61.1"
edition = "2024"
flavor = "sui"

[env]

[env.testnet]
chain-id = "4c78adac"
original-published-id = "0x98d0c2a55b0ce611267b0eea156a317f430bbac1894903908e451d1fe6d9eb41"
latest-published-id = "0x98d0c2a55b0ce611267b0eea156a317f430bbac1894903908e451d1fe6d9eb41"
published-version = "1"
